<?xml version="1.0" encoding="utf-8"?>
<Project ToolsVersion="4.0" xmlns="http://schemas.microsoft.com/developer/msbuild/2003">
  <ItemGroup>
    <Filter Include="Other">
      <UniqueIdentifier>{7cc1cd5d-8e2b-448f-aeac-2b7cdd216bb7}</UniqueIdentifier>
    </Filter>
    <Filter Include="ECLAT_STL">
      <UniqueIdentifier>{d416bcce-02a5-456d-9256-f6f73118dca1}</UniqueIdentifier>
    </Filter>
    <Filter Include="ECLAT">
      <UniqueIdentifier>{37f7ea3e-0565-42ba-bc2c-e92f210e08fe}</UniqueIdentifier>
    </Filter>
  </ItemGroup>
  <ItemGroup>
    <ClCompile Include="main.cpp" />
    <ClCompile Include="ECLAT_A.cpp">
      <Filter>ECLAT_STL</Filter>
    </ClCompile>
    <ClCompile Include="CL_Factory.cpp">
      <Filter>ECLAT</Filter>
    </ClCompile>
    <ClCompile Include="Column.cpp">
      <Filter>ECLAT</Filter>
    </ClCompile>
    <ClCompile Include="ECLAT.cpp">
      <Filter>ECLAT</Filter>
    </ClCompile>
    <ClCompile Include="ECLAT_Read.cpp">
      <Filter>ECLAT</Filter>
    </ClCompile>
    <ClCompile Include="ECLAT_ReadBuffer.cpp">
      <Filter>ECLAT</Filter>
    </ClCompile>
    <ClCompile Include="ECLAT_Readin.cpp">
      <Filter>ECLAT</Filter>
    </ClCompile>
    <ClCompile Include="Readin.cpp">
      <Filter>ECLAT</Filter>
    </ClCompile>
  </ItemGroup>
  <ItemGroup>
    <Text Include="CMakeLists.txt">
      <Filter>Other</Filter>
    </Text>
  </ItemGroup>
  <ItemGroup>
    <ClInclude Include="ECLAT_A.h">
      <Filter>ECLAT_STL</Filter>
    </ClInclude>
    <ClInclude Include="CL_Factory.h">
      <Filter>ECLAT</Filter>
    </ClInclude>
    <ClInclude Include="ECLAT.h">
      <Filter>ECLAT</Filter>
    </ClInclude>
    <ClInclude Include="ECLAT_Read.h">
      <Filter>ECLAT</Filter>
    </ClInclude>
    <ClInclude Include="ECLAT_ReadBuffer.h">
      <Filter>ECLAT</Filter>
    </ClInclude>
    <ClInclude Include="Readin.h">
      <Filter>ECLAT</Filter>
    </ClInclude>
  </ItemGroup>
</Project>