<?xml version="1.0" encoding="utf-8"?>
<Project ToolsVersion="4.0" xmlns="http://schemas.microsoft.com/developer/msbuild/2003">
  <ItemGroup>
    <Filter Include="Other">
      <UniqueIdentifier>{7cc1cd5d-8e2b-448f-aeac-2b7cdd216bb7}</UniqueIdentifier>
    </Filter>
    <Filter Include="ECLAT">
      <UniqueIdentifier>{37f7ea3e-0565-42ba-bc2c-e92f210e08fe}</UniqueIdentifier>
    </Filter>
    <Filter Include="IO">
      <UniqueIdentifier>{18760c35-ab48-4893-9f5f-683716a859a5}</UniqueIdentifier>
    </Filter>
    <Filter Include="Structure">
      <UniqueIdentifier>{8816fbba-a41b-4ae5-9667-019601e16141}</UniqueIdentifier>
    </Filter>
    <Filter Include="OpenCL">
      <UniqueIdentifier>{f4672038-2806-4d2b-b2ad-e44d408ef746}</UniqueIdentifier>
    </Filter>
  </ItemGroup>
  <ItemGroup>
    <ClCompile Include="main.cpp" />
    <ClCompile Include="ECLAT_Read.cpp">
      <Filter>IO</Filter>
    </ClCompile>
    <ClCompile Include="CL_Factory.cpp">
      <Filter>OpenCL</Filter>
    </ClCompile>
    <ClCompile Include="Column.cpp">
      <Filter>Structure</Filter>
    </ClCompile>
    <ClCompile Include="ECLAT_OCL.cpp">
      <Filter>OpenCL</Filter>
    </ClCompile>
    <ClCompile Include="ECLAT_Display.cpp">
      <Filter>IO</Filter>
    </ClCompile>
    <ClCompile Include="ECLAT_ReadBuffer.cpp">
      <Filter>IO</Filter>
    </ClCompile>
    <ClCompile Include="ECLAT.cpp" />
    <ClCompile Include="ECLAT_Baseline.cpp" />
  </ItemGroup>
  <ItemGroup>
    <Text Include="CMakeLists.txt">
      <Filter>Other</Filter>
    </Text>
  </ItemGroup>
  <ItemGroup>
    <ClInclude Include="ECLAT_Read.h">
      <Filter>IO</Filter>
    </ClInclude>
    <ClInclude Include="CL_Factory.h">
      <Filter>OpenCL</Filter>
    </ClInclude>
    <ClInclude Include="Column.h">
      <Filter>Structure</Filter>
    </ClInclude>
    <ClInclude Include="ECLAT_ReadBuffer.h">
      <Filter>IO</Filter>
    </ClInclude>
    <ClInclude Include="ECLAT.h" />
  </ItemGroup>
</Project>