<?xml version="1.0" encoding="utf-8"?>
<Project ToolsVersion="4.0" xmlns="http://schemas.microsoft.com/developer/msbuild/2003">
  <ItemGroup>
    <Filter Include="Other">
      <UniqueIdentifier>{7cc1cd5d-8e2b-448f-aeac-2b7cdd216bb7}</UniqueIdentifier>
    </Filter>
    <Filter Include="Eclat">
      <UniqueIdentifier>{42195cdc-3a64-4179-9024-fc0db5b32f36}</UniqueIdentifier>
    </Filter>
    <Filter Include="Eclat_A">
      <UniqueIdentifier>{453dd3d1-9e35-454a-af5a-e4973fa82af5}</UniqueIdentifier>
    </Filter>
    <Filter Include="Cl_Factory">
      <UniqueIdentifier>{3ae10e8d-d851-4224-9704-56412809791f}</UniqueIdentifier>
    </Filter>
  </ItemGroup>
  <ItemGroup>
    <ClCompile Include="Eclat.cpp">
      <Filter>Eclat</Filter>
    </ClCompile>
    <ClCompile Include="Eclat_A.cpp">
      <Filter>Eclat_A</Filter>
    </ClCompile>
    <ClCompile Include="main.cpp" />
    <ClCompile Include="Eclat_Readin.cpp">
      <Filter>Eclat</Filter>
    </ClCompile>
    <ClCompile Include="Cl_Factory.cpp">
      <Filter>Cl_Factory</Filter>
    </ClCompile>
    <ClCompile Include="Column.cpp">
      <Filter>Eclat</Filter>
    </ClCompile>
  </ItemGroup>
  <ItemGroup>
    <ClInclude Include="eclat.h">
      <Filter>Eclat</Filter>
    </ClInclude>
    <ClInclude Include="Eclat_A.h">
      <Filter>Eclat_A</Filter>
    </ClInclude>
    <ClInclude Include="Cl_Factory.h">
      <Filter>Cl_Factory</Filter>
    </ClInclude>
  </ItemGroup>
  <ItemGroup>
    <Text Include="CMakeLists.txt">
      <Filter>Other</Filter>
    </Text>
  </ItemGroup>
</Project>